
Microsoft Visual Studio Solution File, Format Version 12.00
# Visual Studio Version 17
VisualStudioVersion = 17.6.33815.320
MinimumVisualStudioVersion = 10.0.40219.1
Project("{2150E333-8FDC-42A3-9474-1A3956D46DE8}") = "Services", "Services", "{FBCB896E-F9DD-408F-A456-05A13D864E0B}"
EndProject
Project("{2150E333-8FDC-42A3-9474-1A3956D46DE8}") = "Catalog", "Catalog", "{49DE25DC-47FD-4FD3-A75A-9A82351940CB}"
EndProject
Project("{9A19103F-16F7-4668-BE54-9A1E7A4F7556}") = "Catalog.API", "Services\Catalog\Catalog.API\Catalog.API.csproj", "{C9D8C983-D130-4383-82CA-ECBA12D989AB}"
EndProject
Project("{E53339B2-1760-4266-BCC7-CA923CBCF16C}") = "docker-compose", "docker-compose.dcproj", "{6105DCE5-80D3-4339-A511-03E464422C62}"
EndProject
Project("{2150E333-8FDC-42A3-9474-1A3956D46DE8}") = "Basket", "Basket", "{06AF5DB1-1632-4C53-B2AD-CA9D193A32C4}"
EndProject
Project("{9A19103F-16F7-4668-BE54-9A1E7A4F7556}") = "Basket.API", "Services\Basket\Basket.API\Basket.API.csproj", "{A7967C55-F79B-436D-AEDB-4FBB83926ADC}"
EndProject
Project("{2150E333-8FDC-42A3-9474-1A3956D46DE8}") = "Discount", "Discount", "{6941DDEA-BD94-499B-8AEE-D9A812D4CA04}"
EndProject
Project("{FAE04EC0-301F-11D3-BF4B-00C04F79EFBC}") = "Discount.API", "Services\Disount\Discount.API\Discount.API.csproj", "{D126E1A1-EEF2-43F3-99ED-C32205F4AD78}"
EndProject
Global
	GlobalSection(SolutionConfigurationPlatforms) = preSolution
		Debug|Any CPU = Debug|Any CPU
		Release|Any CPU = Release|Any CPU
	EndGlobalSection
	GlobalSection(ProjectConfigurationPlatforms) = postSolution
		{C9D8C983-D130-4383-82CA-ECBA12D989AB}.Debug|Any CPU.ActiveCfg = Debug|Any CPU
		{C9D8C983-D130-4383-82CA-ECBA12D989AB}.Debug|Any CPU.Build.0 = Debug|Any CPU
		{C9D8C983-D130-4383-82CA-ECBA12D989AB}.Release|Any CPU.ActiveCfg = Release|Any CPU
		{C9D8C983-D130-4383-82CA-ECBA12D989AB}.Release|Any CPU.Build.0 = Release|Any CPU
		{6105DCE5-80D3-4339-A511-03E464422C62}.Debug|Any CPU.ActiveCfg = Debug|Any CPU
		{6105DCE5-80D3-4339-A511-03E464422C62}.Debug|Any CPU.Build.0 = Debug|Any CPU
		{6105DCE5-80D3-4339-A511-03E464422C62}.Release|Any CPU.ActiveCfg = Release|Any CPU
		{6105DCE5-80D3-4339-A511-03E464422C62}.Release|Any CPU.Build.0 = Release|Any CPU
		{A7967C55-F79B-436D-AEDB-4FBB83926ADC}.Debug|Any CPU.ActiveCfg = Debug|Any CPU
		{A7967C55-F79B-436D-AEDB-4FBB83926ADC}.Debug|Any CPU.Build.0 = Debug|Any CPU
		{A7967C55-F79B-436D-AEDB-4FBB83926ADC}.Release|Any CPU.ActiveCfg = Release|Any CPU
		{A7967C55-F79B-436D-AEDB-4FBB83926ADC}.Release|Any CPU.Build.0 = Release|Any CPU
		{D126E1A1-EEF2-43F3-99ED-C32205F4AD78}.Debug|Any CPU.ActiveCfg = Debug|Any CPU
		{D126E1A1-EEF2-43F3-99ED-C32205F4AD78}.Debug|Any CPU.Build.0 = Debug|Any CPU
		{D126E1A1-EEF2-43F3-99ED-C32205F4AD78}.Release|Any CPU.ActiveCfg = Release|Any CPU
		{D126E1A1-EEF2-43F3-99ED-C32205F4AD78}.Release|Any CPU.Build.0 = Release|Any CPU
	EndGlobalSection
	GlobalSection(SolutionProperties) = preSolution
		HideSolutionNode = FALSE
	EndGlobalSection
	GlobalSection(NestedProjects) = preSolution
		{49DE25DC-47FD-4FD3-A75A-9A82351940CB} = {FBCB896E-F9DD-408F-A456-05A13D864E0B}
		{C9D8C983-D130-4383-82CA-ECBA12D989AB} = {49DE25DC-47FD-4FD3-A75A-9A82351940CB}
		{06AF5DB1-1632-4C53-B2AD-CA9D193A32C4} = {FBCB896E-F9DD-408F-A456-05A13D864E0B}
		{A7967C55-F79B-436D-AEDB-4FBB83926ADC} = {06AF5DB1-1632-4C53-B2AD-CA9D193A32C4}
		{6941DDEA-BD94-499B-8AEE-D9A812D4CA04} = {FBCB896E-F9DD-408F-A456-05A13D864E0B}
		{D126E1A1-EEF2-43F3-99ED-C32205F4AD78} = {6941DDEA-BD94-499B-8AEE-D9A812D4CA04}
	EndGlobalSection
	GlobalSection(ExtensibilityGlobals) = postSolution
		SolutionGuid = {C28F3CF5-3232-441E-AF35-37D9EE91E1AA}
	EndGlobalSection
EndGlobal
